
Microsoft Visual Studio Solution File, Format Version 12.00
# Visual Studio Version 17
VisualStudioVersion = 17.14.36414.22
MinimumVisualStudioVersion = 10.0.40219.1
Project("{FAE04EC0-301F-11D3-BF4B-00C04F79EFBC}") = "ClothingStore.WebAPI", "ClothingStore.WebAPI\ClothingStore.WebAPI.csproj", "{BB4AFF19-6B9D-4FC3-8452-5FDA59F0393E}"
EndProject
Project("{FAE04EC0-301F-11D3-BF4B-00C04F79EFBC}") = "ClothingStore.Application", "ClothingStore.Application\ClothingStore.Application.csproj", "{A9734BC9-DC4E-47B9-9584-D5703FCDBA91}"
EndProject
Project("{FAE04EC0-301F-11D3-BF4B-00C04F79EFBC}") = "ClothingStore.Database", "ClothingStore.Database\ClothingStore.Database.csproj", "{C4E60747-3859-4297-932D-D6B526907AB5}"
EndProject
Project("{FAE04EC0-301F-11D3-BF4B-00C04F79EFBC}") = "ClothingStore.Entity", "ClothingStore.Entity\ClothingStore.Entity.csproj", "{2FE64528-D99A-4ED0-9194-EA346E74AA61}"
EndProject
Project("{FAE04EC0-301F-11D3-BF4B-00C04F79EFBC}") = "ClothingStore.Shared", "ClothingStore.Shared\ClothingStore.Shared.csproj", "{A98CDE1C-7869-43A1-8158-83215318B035}"
EndProject
Project("{FAE04EC0-301F-11D3-BF4B-00C04F79EFBC}") = "ClothingStore.Logging", "ClothingStore.Logging\ClothingStore.Logging.csproj", "{E1B11348-0273-412E-BC11-77F8B246EC8E}"
EndProject
Global
	GlobalSection(SolutionConfigurationPlatforms) = preSolution
		Debug|Any CPU = Debug|Any CPU
		Release|Any CPU = Release|Any CPU
	EndGlobalSection
	GlobalSection(ProjectConfigurationPlatforms) = postSolution
		{BB4AFF19-6B9D-4FC3-8452-5FDA59F0393E}.Debug|Any CPU.ActiveCfg = Debug|Any CPU
		{BB4AFF19-6B9D-4FC3-8452-5FDA59F0393E}.Debug|Any CPU.Build.0 = Debug|Any CPU
		{BB4AFF19-6B9D-4FC3-8452-5FDA59F0393E}.Release|Any CPU.ActiveCfg = Release|Any CPU
		{BB4AFF19-6B9D-4FC3-8452-5FDA59F0393E}.Release|Any CPU.Build.0 = Release|Any CPU
		{A9734BC9-DC4E-47B9-9584-D5703FCDBA91}.Debug|Any CPU.ActiveCfg = Debug|Any CPU
		{A9734BC9-DC4E-47B9-9584-D5703FCDBA91}.Debug|Any CPU.Build.0 = Debug|Any CPU
		{A9734BC9-DC4E-47B9-9584-D5703FCDBA91}.Release|Any CPU.ActiveCfg = Release|Any CPU
		{A9734BC9-DC4E-47B9-9584-D5703FCDBA91}.Release|Any CPU.Build.0 = Release|Any CPU
		{C4E60747-3859-4297-932D-D6B526907AB5}.Debug|Any CPU.ActiveCfg = Debug|Any CPU
		{C4E60747-3859-4297-932D-D6B526907AB5}.Debug|Any CPU.Build.0 = Debug|Any CPU
		{C4E60747-3859-4297-932D-D6B526907AB5}.Release|Any CPU.ActiveCfg = Release|Any CPU
		{C4E60747-3859-4297-932D-D6B526907AB5}.Release|Any CPU.Build.0 = Release|Any CPU
		{2FE64528-D99A-4ED0-9194-EA346E74AA61}.Debug|Any CPU.ActiveCfg = Debug|Any CPU
		{2FE64528-D99A-4ED0-9194-EA346E74AA61}.Debug|Any CPU.Build.0 = Debug|Any CPU
		{2FE64528-D99A-4ED0-9194-EA346E74AA61}.Release|Any CPU.ActiveCfg = Release|Any CPU
		{2FE64528-D99A-4ED0-9194-EA346E74AA61}.Release|Any CPU.Build.0 = Release|Any CPU
		{A98CDE1C-7869-43A1-8158-83215318B035}.Debug|Any CPU.ActiveCfg = Debug|Any CPU
		{A98CDE1C-7869-43A1-8158-83215318B035}.Debug|Any CPU.Build.0 = Debug|Any CPU
		{A98CDE1C-7869-43A1-8158-83215318B035}.Release|Any CPU.ActiveCfg = Release|Any CPU
		{A98CDE1C-7869-43A1-8158-83215318B035}.Release|Any CPU.Build.0 = Release|Any CPU
		{E1B11348-0273-412E-BC11-77F8B246EC8E}.Debug|Any CPU.ActiveCfg = Debug|Any CPU
		{E1B11348-0273-412E-BC11-77F8B246EC8E}.Debug|Any CPU.Build.0 = Debug|Any CPU
		{E1B11348-0273-412E-BC11-77F8B246EC8E}.Release|Any CPU.ActiveCfg = Release|Any CPU
		{E1B11348-0273-412E-BC11-77F8B246EC8E}.Release|Any CPU.Build.0 = Release|Any CPU
	EndGlobalSection
	GlobalSection(SolutionProperties) = preSolution
		HideSolutionNode = FALSE
	EndGlobalSection
	GlobalSection(ExtensibilityGlobals) = postSolution
		SolutionGuid = {2FCCBD0B-57EE-40C2-8C21-55CC08A36251}
	EndGlobalSection
EndGlobal
